
Microsoft Visual Studio Solution File, Format Version 12.00
# Visual Studio Version 17
VisualStudioVersion = 17.4.33213.308
MinimumVisualStudioVersion = 10.0.40219.1
Project("{9A19103F-16F7-4668-BE54-9A1E7A4F7556}") = "Where", "Where\Where.csproj", "{D0C50FBA-F81D-4D13-8EF4-A182920CFC43}"
EndProject
Project("{FAE04EC0-301F-11D3-BF4B-00C04F79EFBC}") = "ResourcesProperty", "ResourcesProperty\ResourcesProperty.csproj", "{ED0359F8-AF05-432C-A023-A6531233EF8D}"
EndProject
Global
	GlobalSection(SolutionConfigurationPlatforms) = preSolution
		Debug|Any CPU = Debug|Any CPU
		Release|Any CPU = Release|Any CPU
	EndGlobalSection
	GlobalSection(ProjectConfigurationPlatforms) = postSolution
		{D0C50FBA-F81D-4D13-8EF4-A182920CFC43}.Debug|Any CPU.ActiveCfg = Debug|Any CPU
		{D0C50FBA-F81D-4D13-8EF4-A182920CFC43}.Debug|Any CPU.Build.0 = Debug|Any CPU
		{D0C50FBA-F81D-4D13-8EF4-A182920CFC43}.Release|Any CPU.ActiveCfg = Release|Any CPU
		{D0C50FBA-F81D-4D13-8EF4-A182920CFC43}.Release|Any CPU.Build.0 = Release|Any CPU
		{ED0359F8-AF05-432C-A023-A6531233EF8D}.Debug|Any CPU.ActiveCfg = Debug|Any CPU
		{ED0359F8-AF05-432C-A023-A6531233EF8D}.Debug|Any CPU.Build.0 = Debug|Any CPU
		{ED0359F8-AF05-432C-A023-A6531233EF8D}.Release|Any CPU.ActiveCfg = Release|Any CPU
		{ED0359F8-AF05-432C-A023-A6531233EF8D}.Release|Any CPU.Build.0 = Release|Any CPU
	EndGlobalSection
	GlobalSection(SolutionProperties) = preSolution
		HideSolutionNode = FALSE
	EndGlobalSection
	GlobalSection(ExtensibilityGlobals) = postSolution
		SolutionGuid = {40CD4D5C-947E-4774-B1E0-F9658478A9CF}
	EndGlobalSection
EndGlobal
