
Microsoft Visual Studio Solution File, Format Version 12.00
# Visual Studio Version 17
VisualStudioVersion = 17.4.33213.308
MinimumVisualStudioVersion = 10.0.40219.1
Project("{FAE04EC0-301F-11D3-BF4B-00C04F79EFBC}") = "WhyTypeConverters", "WhyTypeConverters\WhyTypeConverters.csproj", "{70ECE759-0DFB-4D6C-A0A8-FABB37C2DA7A}"
EndProject
Project("{FAE04EC0-301F-11D3-BF4B-00C04F79EFBC}") = "ShowTypeConverters", "ShowTypeConverters\ShowTypeConverters.csproj", "{9360BA9C-329A-4DEB-8631-3C79D66850E3}"
EndProject
Global
	GlobalSection(SolutionConfigurationPlatforms) = preSolution
		Debug|Any CPU = Debug|Any CPU
		Release|Any CPU = Release|Any CPU
	EndGlobalSection
	GlobalSection(ProjectConfigurationPlatforms) = postSolution
		{70ECE759-0DFB-4D6C-A0A8-FABB37C2DA7A}.Debug|Any CPU.ActiveCfg = Debug|Any CPU
		{70ECE759-0DFB-4D6C-A0A8-FABB37C2DA7A}.Debug|Any CPU.Build.0 = Debug|Any CPU
		{70ECE759-0DFB-4D6C-A0A8-FABB37C2DA7A}.Release|Any CPU.ActiveCfg = Release|Any CPU
		{70ECE759-0DFB-4D6C-A0A8-FABB37C2DA7A}.Release|Any CPU.Build.0 = Release|Any CPU
		{9360BA9C-329A-4DEB-8631-3C79D66850E3}.Debug|Any CPU.ActiveCfg = Debug|Any CPU
		{9360BA9C-329A-4DEB-8631-3C79D66850E3}.Debug|Any CPU.Build.0 = Debug|Any CPU
		{9360BA9C-329A-4DEB-8631-3C79D66850E3}.Release|Any CPU.ActiveCfg = Release|Any CPU
		{9360BA9C-329A-4DEB-8631-3C79D66850E3}.Release|Any CPU.Build.0 = Release|Any CPU
	EndGlobalSection
	GlobalSection(SolutionProperties) = preSolution
		HideSolutionNode = FALSE
	EndGlobalSection
	GlobalSection(ExtensibilityGlobals) = postSolution
		SolutionGuid = {E040F201-8C7A-41BF-910B-4CBDAE69D1CA}
	EndGlobalSection
EndGlobal
