
Microsoft Visual Studio Solution File, Format Version 12.00
# Visual Studio Version 17
VisualStudioVersion = 17.4.33213.308
MinimumVisualStudioVersion = 10.0.40219.1
Project("{FAE04EC0-301F-11D3-BF4B-00C04F79EFBC}") = "ShowContentTypeInfo", "ShowContentTypeInfo\ShowContentTypeInfo.csproj", "{1CEADC84-1421-4AA4-A75E-B5AC486FECE3}"
EndProject
Global
	GlobalSection(SolutionConfigurationPlatforms) = preSolution
		Debug|Any CPU = Debug|Any CPU
		Release|Any CPU = Release|Any CPU
	EndGlobalSection
	GlobalSection(ProjectConfigurationPlatforms) = postSolution
		{1CEADC84-1421-4AA4-A75E-B5AC486FECE3}.Debug|Any CPU.ActiveCfg = Debug|Any CPU
		{1CEADC84-1421-4AA4-A75E-B5AC486FECE3}.Debug|Any CPU.Build.0 = Debug|Any CPU
		{1CEADC84-1421-4AA4-A75E-B5AC486FECE3}.Release|Any CPU.ActiveCfg = Release|Any CPU
		{1CEADC84-1421-4AA4-A75E-B5AC486FECE3}.Release|Any CPU.Build.0 = Release|Any CPU
	EndGlobalSection
	GlobalSection(SolutionProperties) = preSolution
		HideSolutionNode = FALSE
	EndGlobalSection
	GlobalSection(ExtensibilityGlobals) = postSolution
		SolutionGuid = {804FCFA9-0BF6-49D6-A8B8-B12F712F94FE}
	EndGlobalSection
EndGlobal
