
Microsoft Visual Studio Solution File, Format Version 12.00
# Visual Studio Version 17
VisualStudioVersion = 17.4.33213.308
MinimumVisualStudioVersion = 10.0.40219.1
Project("{FAE04EC0-301F-11D3-BF4B-00C04F79EFBC}") = "PropElements", "Code\PropElements.csproj", "{A95577AC-8FD7-4F4E-923B-99DC06BCCCD5}"
EndProject
Global
	GlobalSection(SolutionConfigurationPlatforms) = preSolution
		Debug|Any CPU = Debug|Any CPU
		Release|Any CPU = Release|Any CPU
	EndGlobalSection
	GlobalSection(ProjectConfigurationPlatforms) = postSolution
		{A95577AC-8FD7-4F4E-923B-99DC06BCCCD5}.Debug|Any CPU.ActiveCfg = Debug|Any CPU
		{A95577AC-8FD7-4F4E-923B-99DC06BCCCD5}.Debug|Any CPU.Build.0 = Debug|Any CPU
		{A95577AC-8FD7-4F4E-923B-99DC06BCCCD5}.Release|Any CPU.ActiveCfg = Release|Any CPU
		{A95577AC-8FD7-4F4E-923B-99DC06BCCCD5}.Release|Any CPU.Build.0 = Release|Any CPU
	EndGlobalSection
	GlobalSection(SolutionProperties) = preSolution
		HideSolutionNode = FALSE
	EndGlobalSection
	GlobalSection(ExtensibilityGlobals) = postSolution
		SolutionGuid = {E83526B2-4FEB-4856-8963-733120DDD406}
	EndGlobalSection
EndGlobal
