
Microsoft Visual Studio Solution File, Format Version 12.00
# Visual Studio Version 17
VisualStudioVersion = 17.4.33213.308
MinimumVisualStudioVersion = 10.0.40219.1
Project("{FAE04EC0-301F-11D3-BF4B-00C04F79EFBC}") = "ObjElements", "Code\ObjElements.csproj", "{C4EFF3C6-B433-4846-9A36-7FB40FD1AFE2}"
EndProject
Global
	GlobalSection(SolutionConfigurationPlatforms) = preSolution
		Debug|Any CPU = Debug|Any CPU
		Release|Any CPU = Release|Any CPU
	EndGlobalSection
	GlobalSection(ProjectConfigurationPlatforms) = postSolution
		{C4EFF3C6-B433-4846-9A36-7FB40FD1AFE2}.Debug|Any CPU.ActiveCfg = Debug|Any CPU
		{C4EFF3C6-B433-4846-9A36-7FB40FD1AFE2}.Debug|Any CPU.Build.0 = Debug|Any CPU
		{C4EFF3C6-B433-4846-9A36-7FB40FD1AFE2}.Release|Any CPU.ActiveCfg = Release|Any CPU
		{C4EFF3C6-B433-4846-9A36-7FB40FD1AFE2}.Release|Any CPU.Build.0 = Release|Any CPU
	EndGlobalSection
	GlobalSection(SolutionProperties) = preSolution
		HideSolutionNode = FALSE
	EndGlobalSection
	GlobalSection(ExtensibilityGlobals) = postSolution
		SolutionGuid = {3EAB48DE-FE1E-415A-8800-CF33A0AA8F94}
	EndGlobalSection
EndGlobal
