
Microsoft Visual Studio Solution File, Format Version 12.00
# Visual Studio 2013
VisualStudioVersion = 12.0.31101.0
MinimumVisualStudioVersion = 10.0.40219.1
Project("{FAE04EC0-301F-11D3-BF4B-00C04F79EFBC}") = "Concepts", "Concepts\Concepts.csproj", "{92DF820E-0B69-44F0-9CB1-B8F9C05860AD}"
EndProject
Global
	GlobalSection(SolutionConfigurationPlatforms) = preSolution
		Debug|Any CPU = Debug|Any CPU
		Release|Any CPU = Release|Any CPU
	EndGlobalSection
	GlobalSection(ProjectConfigurationPlatforms) = postSolution
		{92DF820E-0B69-44F0-9CB1-B8F9C05860AD}.Debug|Any CPU.ActiveCfg = Debug|Any CPU
		{92DF820E-0B69-44F0-9CB1-B8F9C05860AD}.Debug|Any CPU.Build.0 = Debug|Any CPU
		{92DF820E-0B69-44F0-9CB1-B8F9C05860AD}.Release|Any CPU.ActiveCfg = Release|Any CPU
		{92DF820E-0B69-44F0-9CB1-B8F9C05860AD}.Release|Any CPU.Build.0 = Release|Any CPU
	EndGlobalSection
	GlobalSection(SolutionProperties) = preSolution
		HideSolutionNode = FALSE
	EndGlobalSection
EndGlobal
