
Microsoft Visual Studio Solution File, Format Version 12.00
# Visual Studio Version 17
VisualStudioVersion = 17.4.33213.308
MinimumVisualStudioVersion = 10.0.40219.1
Project("{9A19103F-16F7-4668-BE54-9A1E7A4F7556}") = "SimpleWpf", "SimpleWpf\SimpleWpf.csproj", "{E071C70C-7F62-4610-A907-F87EA1032F01}"
EndProject
Project("{9A19103F-16F7-4668-BE54-9A1E7A4F7556}") = "SimpleWinUi", "SimpleWinUi\SimpleWinUi.csproj", "{55003EAA-E7C8-4177-945A-679BDB3A103F}"
EndProject
Project("{FAE04EC0-301F-11D3-BF4B-00C04F79EFBC}") = "SimpleUwp", "SimpleUwa\SimpleUwp.csproj", "{92866E34-4CB6-419F-8791-7EFD1A972790}"
EndProject
Global
	GlobalSection(SolutionConfigurationPlatforms) = preSolution
		Debug|Any CPU = Debug|Any CPU
		Debug|ARM = Debug|ARM
		Debug|ARM64 = Debug|ARM64
		Debug|x64 = Debug|x64
		Debug|x86 = Debug|x86
		Release|Any CPU = Release|Any CPU
		Release|ARM = Release|ARM
		Release|ARM64 = Release|ARM64
		Release|x64 = Release|x64
		Release|x86 = Release|x86
	EndGlobalSection
	GlobalSection(ProjectConfigurationPlatforms) = postSolution
		{E071C70C-7F62-4610-A907-F87EA1032F01}.Debug|Any CPU.ActiveCfg = Debug|Any CPU
		{E071C70C-7F62-4610-A907-F87EA1032F01}.Debug|Any CPU.Build.0 = Debug|Any CPU
		{E071C70C-7F62-4610-A907-F87EA1032F01}.Debug|ARM.ActiveCfg = Debug|Any CPU
		{E071C70C-7F62-4610-A907-F87EA1032F01}.Debug|ARM.Build.0 = Debug|Any CPU
		{E071C70C-7F62-4610-A907-F87EA1032F01}.Debug|ARM64.ActiveCfg = Debug|Any CPU
		{E071C70C-7F62-4610-A907-F87EA1032F01}.Debug|ARM64.Build.0 = Debug|Any CPU
		{E071C70C-7F62-4610-A907-F87EA1032F01}.Debug|x64.ActiveCfg = Debug|Any CPU
		{E071C70C-7F62-4610-A907-F87EA1032F01}.Debug|x64.Build.0 = Debug|Any CPU
		{E071C70C-7F62-4610-A907-F87EA1032F01}.Debug|x86.ActiveCfg = Debug|Any CPU
		{E071C70C-7F62-4610-A907-F87EA1032F01}.Debug|x86.Build.0 = Debug|Any CPU
		{E071C70C-7F62-4610-A907-F87EA1032F01}.Release|Any CPU.ActiveCfg = Release|Any CPU
		{E071C70C-7F62-4610-A907-F87EA1032F01}.Release|Any CPU.Build.0 = Release|Any CPU
		{E071C70C-7F62-4610-A907-F87EA1032F01}.Release|ARM.ActiveCfg = Release|Any CPU
		{E071C70C-7F62-4610-A907-F87EA1032F01}.Release|ARM.Build.0 = Release|Any CPU
		{E071C70C-7F62-4610-A907-F87EA1032F01}.Release|ARM64.ActiveCfg = Release|Any CPU
		{E071C70C-7F62-4610-A907-F87EA1032F01}.Release|ARM64.Build.0 = Release|Any CPU
		{E071C70C-7F62-4610-A907-F87EA1032F01}.Release|x64.ActiveCfg = Release|Any CPU
		{E071C70C-7F62-4610-A907-F87EA1032F01}.Release|x64.Build.0 = Release|Any CPU
		{E071C70C-7F62-4610-A907-F87EA1032F01}.Release|x86.ActiveCfg = Release|Any CPU
		{E071C70C-7F62-4610-A907-F87EA1032F01}.Release|x86.Build.0 = Release|Any CPU
		{55003EAA-E7C8-4177-945A-679BDB3A103F}.Debug|Any CPU.ActiveCfg = Debug|x64
		{55003EAA-E7C8-4177-945A-679BDB3A103F}.Debug|Any CPU.Build.0 = Debug|x64
		{55003EAA-E7C8-4177-945A-679BDB3A103F}.Debug|Any CPU.Deploy.0 = Debug|x64
		{55003EAA-E7C8-4177-945A-679BDB3A103F}.Debug|ARM.ActiveCfg = Debug|x64
		{55003EAA-E7C8-4177-945A-679BDB3A103F}.Debug|ARM.Build.0 = Debug|x64
		{55003EAA-E7C8-4177-945A-679BDB3A103F}.Debug|ARM.Deploy.0 = Debug|x64
		{55003EAA-E7C8-4177-945A-679BDB3A103F}.Debug|ARM64.ActiveCfg = Debug|ARM64
		{55003EAA-E7C8-4177-945A-679BDB3A103F}.Debug|ARM64.Build.0 = Debug|ARM64
		{55003EAA-E7C8-4177-945A-679BDB3A103F}.Debug|ARM64.Deploy.0 = Debug|ARM64
		{55003EAA-E7C8-4177-945A-679BDB3A103F}.Debug|x64.ActiveCfg = Debug|x64
		{55003EAA-E7C8-4177-945A-679BDB3A103F}.Debug|x64.Build.0 = Debug|x64
		{55003EAA-E7C8-4177-945A-679BDB3A103F}.Debug|x64.Deploy.0 = Debug|x64
		{55003EAA-E7C8-4177-945A-679BDB3A103F}.Debug|x86.ActiveCfg = Debug|x86
		{55003EAA-E7C8-4177-945A-679BDB3A103F}.Debug|x86.Build.0 = Debug|x86
		{55003EAA-E7C8-4177-945A-679BDB3A103F}.Debug|x86.Deploy.0 = Debug|x86
		{55003EAA-E7C8-4177-945A-679BDB3A103F}.Release|Any CPU.ActiveCfg = Release|x64
		{55003EAA-E7C8-4177-945A-679BDB3A103F}.Release|Any CPU.Build.0 = Release|x64
		{55003EAA-E7C8-4177-945A-679BDB3A103F}.Release|Any CPU.Deploy.0 = Release|x64
		{55003EAA-E7C8-4177-945A-679BDB3A103F}.Release|ARM.ActiveCfg = Release|x64
		{55003EAA-E7C8-4177-945A-679BDB3A103F}.Release|ARM.Build.0 = Release|x64
		{55003EAA-E7C8-4177-945A-679BDB3A103F}.Release|ARM.Deploy.0 = Release|x64
		{55003EAA-E7C8-4177-945A-679BDB3A103F}.Release|ARM64.ActiveCfg = Release|ARM64
		{55003EAA-E7C8-4177-945A-679BDB3A103F}.Release|ARM64.Build.0 = Release|ARM64
		{55003EAA-E7C8-4177-945A-679BDB3A103F}.Release|ARM64.Deploy.0 = Release|ARM64
		{55003EAA-E7C8-4177-945A-679BDB3A103F}.Release|x64.ActiveCfg = Release|x64
		{55003EAA-E7C8-4177-945A-679BDB3A103F}.Release|x64.Build.0 = Release|x64
		{55003EAA-E7C8-4177-945A-679BDB3A103F}.Release|x64.Deploy.0 = Release|x64
		{55003EAA-E7C8-4177-945A-679BDB3A103F}.Release|x86.ActiveCfg = Release|x86
		{55003EAA-E7C8-4177-945A-679BDB3A103F}.Release|x86.Build.0 = Release|x86
		{55003EAA-E7C8-4177-945A-679BDB3A103F}.Release|x86.Deploy.0 = Release|x86
		{92866E34-4CB6-419F-8791-7EFD1A972790}.Debug|Any CPU.ActiveCfg = Debug|x64
		{92866E34-4CB6-419F-8791-7EFD1A972790}.Debug|Any CPU.Build.0 = Debug|x64
		{92866E34-4CB6-419F-8791-7EFD1A972790}.Debug|Any CPU.Deploy.0 = Debug|x64
		{92866E34-4CB6-419F-8791-7EFD1A972790}.Debug|ARM.ActiveCfg = Debug|ARM
		{92866E34-4CB6-419F-8791-7EFD1A972790}.Debug|ARM.Build.0 = Debug|ARM
		{92866E34-4CB6-419F-8791-7EFD1A972790}.Debug|ARM.Deploy.0 = Debug|ARM
		{92866E34-4CB6-419F-8791-7EFD1A972790}.Debug|ARM64.ActiveCfg = Debug|ARM64
		{92866E34-4CB6-419F-8791-7EFD1A972790}.Debug|ARM64.Build.0 = Debug|ARM64
		{92866E34-4CB6-419F-8791-7EFD1A972790}.Debug|ARM64.Deploy.0 = Debug|ARM64
		{92866E34-4CB6-419F-8791-7EFD1A972790}.Debug|x64.ActiveCfg = Debug|x64
		{92866E34-4CB6-419F-8791-7EFD1A972790}.Debug|x64.Build.0 = Debug|x64
		{92866E34-4CB6-419F-8791-7EFD1A972790}.Debug|x64.Deploy.0 = Debug|x64
		{92866E34-4CB6-419F-8791-7EFD1A972790}.Debug|x86.ActiveCfg = Debug|x86
		{92866E34-4CB6-419F-8791-7EFD1A972790}.Debug|x86.Build.0 = Debug|x86
		{92866E34-4CB6-419F-8791-7EFD1A972790}.Debug|x86.Deploy.0 = Debug|x86
		{92866E34-4CB6-419F-8791-7EFD1A972790}.Release|Any CPU.ActiveCfg = Release|x64
		{92866E34-4CB6-419F-8791-7EFD1A972790}.Release|Any CPU.Build.0 = Release|x64
		{92866E34-4CB6-419F-8791-7EFD1A972790}.Release|Any CPU.Deploy.0 = Release|x64
		{92866E34-4CB6-419F-8791-7EFD1A972790}.Release|ARM.ActiveCfg = Release|ARM
		{92866E34-4CB6-419F-8791-7EFD1A972790}.Release|ARM.Build.0 = Release|ARM
		{92866E34-4CB6-419F-8791-7EFD1A972790}.Release|ARM.Deploy.0 = Release|ARM
		{92866E34-4CB6-419F-8791-7EFD1A972790}.Release|ARM64.ActiveCfg = Release|ARM64
		{92866E34-4CB6-419F-8791-7EFD1A972790}.Release|ARM64.Build.0 = Release|ARM64
		{92866E34-4CB6-419F-8791-7EFD1A972790}.Release|ARM64.Deploy.0 = Release|ARM64
		{92866E34-4CB6-419F-8791-7EFD1A972790}.Release|x64.ActiveCfg = Release|x64
		{92866E34-4CB6-419F-8791-7EFD1A972790}.Release|x64.Build.0 = Release|x64
		{92866E34-4CB6-419F-8791-7EFD1A972790}.Release|x64.Deploy.0 = Release|x64
		{92866E34-4CB6-419F-8791-7EFD1A972790}.Release|x86.ActiveCfg = Release|x86
		{92866E34-4CB6-419F-8791-7EFD1A972790}.Release|x86.Build.0 = Release|x86
		{92866E34-4CB6-419F-8791-7EFD1A972790}.Release|x86.Deploy.0 = Release|x86
	EndGlobalSection
	GlobalSection(SolutionProperties) = preSolution
		HideSolutionNode = FALSE
	EndGlobalSection
	GlobalSection(ExtensibilityGlobals) = postSolution
		SolutionGuid = {275C4733-45DC-4983-AA22-CCA89490B545}
	EndGlobalSection
EndGlobal
